
Microsoft Visual Studio Solution File, Format Version 12.00
# Visual Studio Version 17
VisualStudioVersion = 17.12.35527.113
MinimumVisualStudioVersion = 10.0.40219.1
Project("{FAE04EC0-301F-11D3-BF4B-00C04F79EFBC}") = "CustomerPetshop", "petshopVeteriner\CustomerPetshop.csproj", "{7A71B116-460C-41A2-AAB5-CAF605288BF4}"
EndProject
Project("{FAE04EC0-301F-11D3-BF4B-00C04F79EFBC}") = "EntityLayer", "EntityLayer\EntityLayer.csproj", "{8B7F7082-127A-442B-834E-CCFECEEB8062}"
EndProject
Project("{FAE04EC0-301F-11D3-BF4B-00C04F79EFBC}") = "BusinessLayer", "BusinessLayer\BusinessLayer.csproj", "{CA3C97DF-41BC-4078-A79E-C289C20B8775}"
EndProject
Project("{FAE04EC0-301F-11D3-BF4B-00C04F79EFBC}") = "DataAccessLayer", "DataAccessLayer\DataAccessLayer.csproj", "{25C47BA4-2C36-4D5C-8642-A1ABFB237CF6}"
EndProject
Project("{2150E333-8FDC-42A3-9474-1A3956D46DE8}") = "Apis", "Apis", "{E4DFC429-6D38-477E-A8E4-032D20976F22}"
EndProject
Project("{2150E333-8FDC-42A3-9474-1A3956D46DE8}") = "Layers", "Layers", "{214A6305-DF34-45E6-BDAE-A062EBF7BBFE}"
EndProject
Project("{2150E333-8FDC-42A3-9474-1A3956D46DE8}") = "Areas", "Areas", "{B8A288FD-5C5C-48FB-857B-9FA62AA4843F}"
EndProject
Project("{FAE04EC0-301F-11D3-BF4B-00C04F79EFBC}") = "AdminPetshop", "AdminPetshopVeteriner\AdminPetshop.csproj", "{23F8B5D8-E236-4255-AE0D-DFD956A0B9E0}"
EndProject
Project("{2150E333-8FDC-42A3-9474-1A3956D46DE8}") = "Admin", "Admin", "{042B14A8-96C4-4789-98FF-9F0367FFBBF6}"
EndProject
Project("{FAE04EC0-301F-11D3-BF4B-00C04F79EFBC}") = "Server", "Server\Server.csproj", "{2C4DE5EE-92A8-44A3-A1A0-A1C61E0A64D9}"
EndProject
Project("{FAE04EC0-301F-11D3-BF4B-00C04F79EFBC}") = "PetShopApi", "PetShopApi\PetShopApi.csproj", "{60885B4A-7819-4BED-864E-9C73801FFF05}"
EndProject
Global
	GlobalSection(SolutionConfigurationPlatforms) = preSolution
		Debug|Any CPU = Debug|Any CPU
		Release|Any CPU = Release|Any CPU
	EndGlobalSection
	GlobalSection(ProjectConfigurationPlatforms) = postSolution
		{7A71B116-460C-41A2-AAB5-CAF605288BF4}.Debug|Any CPU.ActiveCfg = Debug|Any CPU
		{7A71B116-460C-41A2-AAB5-CAF605288BF4}.Debug|Any CPU.Build.0 = Debug|Any CPU
		{7A71B116-460C-41A2-AAB5-CAF605288BF4}.Release|Any CPU.ActiveCfg = Release|Any CPU
		{7A71B116-460C-41A2-AAB5-CAF605288BF4}.Release|Any CPU.Build.0 = Release|Any CPU
		{8B7F7082-127A-442B-834E-CCFECEEB8062}.Debug|Any CPU.ActiveCfg = Debug|Any CPU
		{8B7F7082-127A-442B-834E-CCFECEEB8062}.Debug|Any CPU.Build.0 = Debug|Any CPU
		{8B7F7082-127A-442B-834E-CCFECEEB8062}.Release|Any CPU.ActiveCfg = Release|Any CPU
		{8B7F7082-127A-442B-834E-CCFECEEB8062}.Release|Any CPU.Build.0 = Release|Any CPU
		{CA3C97DF-41BC-4078-A79E-C289C20B8775}.Debug|Any CPU.ActiveCfg = Debug|Any CPU
		{CA3C97DF-41BC-4078-A79E-C289C20B8775}.Debug|Any CPU.Build.0 = Debug|Any CPU
		{CA3C97DF-41BC-4078-A79E-C289C20B8775}.Release|Any CPU.ActiveCfg = Release|Any CPU
		{CA3C97DF-41BC-4078-A79E-C289C20B8775}.Release|Any CPU.Build.0 = Release|Any CPU
		{25C47BA4-2C36-4D5C-8642-A1ABFB237CF6}.Debug|Any CPU.ActiveCfg = Debug|Any CPU
		{25C47BA4-2C36-4D5C-8642-A1ABFB237CF6}.Debug|Any CPU.Build.0 = Debug|Any CPU
		{25C47BA4-2C36-4D5C-8642-A1ABFB237CF6}.Release|Any CPU.ActiveCfg = Release|Any CPU
		{25C47BA4-2C36-4D5C-8642-A1ABFB237CF6}.Release|Any CPU.Build.0 = Release|Any CPU
		{23F8B5D8-E236-4255-AE0D-DFD956A0B9E0}.Debug|Any CPU.ActiveCfg = Debug|Any CPU
		{23F8B5D8-E236-4255-AE0D-DFD956A0B9E0}.Debug|Any CPU.Build.0 = Debug|Any CPU
		{23F8B5D8-E236-4255-AE0D-DFD956A0B9E0}.Release|Any CPU.ActiveCfg = Release|Any CPU
		{23F8B5D8-E236-4255-AE0D-DFD956A0B9E0}.Release|Any CPU.Build.0 = Release|Any CPU
		{2C4DE5EE-92A8-44A3-A1A0-A1C61E0A64D9}.Debug|Any CPU.ActiveCfg = Debug|Any CPU
		{2C4DE5EE-92A8-44A3-A1A0-A1C61E0A64D9}.Debug|Any CPU.Build.0 = Debug|Any CPU
		{2C4DE5EE-92A8-44A3-A1A0-A1C61E0A64D9}.Release|Any CPU.ActiveCfg = Release|Any CPU
		{2C4DE5EE-92A8-44A3-A1A0-A1C61E0A64D9}.Release|Any CPU.Build.0 = Release|Any CPU
		{60885B4A-7819-4BED-864E-9C73801FFF05}.Debug|Any CPU.ActiveCfg = Debug|Any CPU
		{60885B4A-7819-4BED-864E-9C73801FFF05}.Debug|Any CPU.Build.0 = Debug|Any CPU
		{60885B4A-7819-4BED-864E-9C73801FFF05}.Release|Any CPU.ActiveCfg = Release|Any CPU
		{60885B4A-7819-4BED-864E-9C73801FFF05}.Release|Any CPU.Build.0 = Release|Any CPU
	EndGlobalSection
	GlobalSection(SolutionProperties) = preSolution
		HideSolutionNode = FALSE
	EndGlobalSection
	GlobalSection(NestedProjects) = preSolution
		{7A71B116-460C-41A2-AAB5-CAF605288BF4} = {B8A288FD-5C5C-48FB-857B-9FA62AA4843F}
		{8B7F7082-127A-442B-834E-CCFECEEB8062} = {214A6305-DF34-45E6-BDAE-A062EBF7BBFE}
		{CA3C97DF-41BC-4078-A79E-C289C20B8775} = {214A6305-DF34-45E6-BDAE-A062EBF7BBFE}
		{25C47BA4-2C36-4D5C-8642-A1ABFB237CF6} = {214A6305-DF34-45E6-BDAE-A062EBF7BBFE}
		{23F8B5D8-E236-4255-AE0D-DFD956A0B9E0} = {042B14A8-96C4-4789-98FF-9F0367FFBBF6}
		{042B14A8-96C4-4789-98FF-9F0367FFBBF6} = {B8A288FD-5C5C-48FB-857B-9FA62AA4843F}
		{2C4DE5EE-92A8-44A3-A1A0-A1C61E0A64D9} = {E4DFC429-6D38-477E-A8E4-032D20976F22}
		{60885B4A-7819-4BED-864E-9C73801FFF05} = {E4DFC429-6D38-477E-A8E4-032D20976F22}
	EndGlobalSection
EndGlobal
